{
  "name": "edion-heco.github.io",
  "lockfileVersion": 3,
  "requires": true,
  "packages": {
    "": {
      "dependencies": {
        "imagemapster": "^1.8.0",
        "jquery": "^3.7.1"
      }
    },
    "node_modules/imagemapster": {
      "version": "1.8.0",
      "resolved": "https://registry.npmjs.org/imagemapster/-/imagemapster-1.8.0.tgz",
      "integrity": "sha512-a7iupTP5l7ETLFcSXJ9EXVIezbdC9qz9KsxcmPJfNOCoF5L74yNf+vMo/9lOSI2oy2YLX1Blr6DT85nJ6TRLlA==",
      "peerDependencies": {
        "jquery": ">=1.7.0"
      }
    },
    "node_modules/jquery": {
      "version": "3.7.1",
      "resolved": "https://registry.npmjs.org/jquery/-/jquery-3.7.1.tgz",
      "integrity": "sha512-m4avr8yL8kmFN8psrbFFFmB/If14iN5o9nw/NgnnM+kybDJpRsAynV2BsfpTYrTRysYUdADVD7CkUUizgkpLfg=="
    }
  }
}
